{
  "name": "fetch-api-call",
  "version": "3.0.0",
  "lockfileVersion": 1,
  "requires": true,
  "dependencies": {
    "bivrost": {
      "version": "3.0.0",
      "requires": {
        "form-data": "2.3.1"
      },
      "dependencies": {
        "asynckit": {
          "version": "0.4.0",
          "bundled": true
        },
        "bivrost-axios-adapter": {
          "bundled": true,
          "requires": {
            "axios": "0.17.1"
          },
          "dependencies": {
            "axios": {
              "version": "0.17.1",
              "bundled": true,
              "requires": {
                "follow-redirects": "1.2.6",
                "is-buffer": "1.1.6"
              }
            },
            "debug": {
              "version": "3.1.0",
              "bundled": true,
              "requires": {
                "ms": "2.0.0"
              }
            },
            "follow-redirects": {
              "version": "1.2.6",
              "bundled": true,
              "requires": {
                "debug": "3.1.0"
              }
            },
            "is-buffer": {
              "version": "1.1.6",
              "bundled": true
            },
            "ms": {
              "version": "2.0.0",
              "bundled": true
            }
          }
        },
        "combined-stream": {
          "version": "1.0.5",
          "bundled": true,
          "requires": {
            "delayed-stream": "1.0.0"
          }
        },
        "delayed-stream": {
          "version": "1.0.0",
          "bundled": true
        },
        "form-data": {
          "version": "2.3.1",
          "bundled": true,
          "requires": {
            "asynckit": "0.4.0",
            "combined-stream": "1.0.5",
            "mime-types": "2.1.17"
          }
        },
        "mime-db": {
          "version": "1.30.0",
          "bundled": true
        },
        "mime-types": {
          "version": "2.1.17",
          "bundled": true,
          "requires": {
            "mime-db": "1.30.0"
          }
        }
      }
    },
    "bivrost-fetch-adapter": {
      "version": "3.0.0",
      "requires": {
        "form-data": "2.3.1",
        "isomorphic-fetch": "2.2.1",
        "qs": "6.5.1"
      },
      "dependencies": {
        "asynckit": {
          "version": "0.4.0",
          "bundled": true
        },
        "combined-stream": {
          "version": "1.0.5",
          "bundled": true,
          "requires": {
            "delayed-stream": "1.0.0"
          }
        },
        "delayed-stream": {
          "version": "1.0.0",
          "bundled": true
        },
        "encoding": {
          "version": "0.1.12",
          "bundled": true,
          "requires": {
            "iconv-lite": "0.4.19"
          }
        },
        "form-data": {
          "version": "2.3.1",
          "bundled": true,
          "requires": {
            "asynckit": "0.4.0",
            "combined-stream": "1.0.5",
            "mime-types": "2.1.17"
          }
        },
        "iconv-lite": {
          "version": "0.4.19",
          "bundled": true
        },
        "is-stream": {
          "version": "1.1.0",
          "bundled": true
        },
        "isomorphic-fetch": {
          "version": "2.2.1",
          "bundled": true,
          "requires": {
            "node-fetch": "1.7.3",
            "whatwg-fetch": "2.0.3"
          }
        },
        "mime-db": {
          "version": "1.30.0",
          "bundled": true
        },
        "mime-types": {
          "version": "2.1.17",
          "bundled": true,
          "requires": {
            "mime-db": "1.30.0"
          }
        },
        "node-fetch": {
          "version": "1.7.3",
          "bundled": true,
          "requires": {
            "encoding": "0.1.12",
            "is-stream": "1.1.0"
          }
        },
        "qs": {
          "version": "6.5.1",
          "bundled": true
        },
        "whatwg-fetch": {
          "version": "2.0.3",
          "bundled": true
        }
      }
    },
    "regenerator-runtime": {
      "version": "0.11.0",
      "resolved": "https://registry.npmjs.org/regenerator-runtime/-/regenerator-runtime-0.11.0.tgz",
      "integrity": "sha512-/aA0kLeRb5N9K0d4fw7ooEbI+xDe+DKD499EQqygGqeS8N3xto15p09uY2xj7ixP81sNPXvRLnAQIqdVStgb1A=="
    }
  }
}
