# THIS IS AN AUTOGENERATED FILE. DO NOT EDIT THIS FILE DIRECTLY.
# yarn lockfile v1


andlog@^1.0.0:
  version "1.0.0"
  resolved "https://registry.yarnpkg.com/andlog/-/andlog-1.0.0.tgz#25b39047ac9c1e5f6b2c8e4cdb5e7bf9e65e534b"

bows@^1.6.0:
  version "1.6.0"
  resolved "https://registry.yarnpkg.com/bows/-/bows-1.6.0.tgz#0c7d65c9682ce8adedac50d709cc498c9628da05"
  dependencies:
    andlog "^1.0.0"
